
Microsoft Visual Studio Solution File, Format Version 12.00
# Visual Studio Version 16
VisualStudioVersion = 16.0.30011.22
MinimumVisualStudioVersion = 10.0.40219.1
Project("{9A19103F-16F7-4668-BE54-9A1E7A4F7556}") = "pruebaIgor", "pruebaIgor.csproj", "{75485829-745C-46FB-8392-CC9A35457FB4}"
EndProject
Global
	GlobalSection(SolutionConfigurationPlatforms) = preSolution
		Debug|Any CPU = Debug|Any CPU
		Release|Any CPU = Release|Any CPU
	EndGlobalSection
	GlobalSection(ProjectConfigurationPlatforms) = postSolution
		{75485829-745C-46FB-8392-CC9A35457FB4}.Debug|Any CPU.ActiveCfg = Debug|Any CPU
		{75485829-745C-46FB-8392-CC9A35457FB4}.Debug|Any CPU.Build.0 = Debug|Any CPU
		{75485829-745C-46FB-8392-CC9A35457FB4}.Release|Any CPU.ActiveCfg = Release|Any CPU
		{75485829-745C-46FB-8392-CC9A35457FB4}.Release|Any CPU.Build.0 = Release|Any CPU
	EndGlobalSection
	GlobalSection(SolutionProperties) = preSolution
		HideSolutionNode = FALSE
	EndGlobalSection
	GlobalSection(ExtensibilityGlobals) = postSolution
		SolutionGuid = {1A9A22B2-27BC-4F06-A7E6-9FEDE2D377EE}
	EndGlobalSection
EndGlobal
